// !$*UTF8*$!
{
	archiveVersion = 1;
	classes = {
	};
	objectVersion = 56;
	objects = {

/* Begin PBXBuildFile section */
		A988B2982A7F07C600070BA8 /* ComposableArchitecture in Frameworks */ = {isa = PBXBuildFile; productRef = A988B2972A7F07C600070BA8 /* ComposableArchitecture */; };
		A99B06B92A851F19000DBAA1 /* CustomTabBar.swift in Sources */ = {isa = PBXBuildFile; fileRef = A99B06B82A851F19000DBAA1 /* CustomTabBar.swift */; };
		A9A7F62E2A8B03F000EEF5ED /* CustomTabBar_Feature.swift in Sources */ = {isa = PBXBuildFile; fileRef = A9A7F62D2A8B03F000EEF5ED /* CustomTabBar_Feature.swift */; };
		A9A7F6312A8C443F00EEF5ED /* CustomTabBar_Model.swift in Sources */ = {isa = PBXBuildFile; fileRef = A9A7F6302A8C443F00EEF5ED /* CustomTabBar_Model.swift */; };
		A9A891602AABD55A0013C9DB /* N5KanjiTest.swift in Sources */ = {isa = PBXBuildFile; fileRef = A9A8915F2AABD55A0013C9DB /* N5KanjiTest.swift */; };
		A9A891622AABD56C0013C9DB /* N5KanjiTestFeature.swift in Sources */ = {isa = PBXBuildFile; fileRef = A9A891612AABD56C0013C9DB /* N5KanjiTestFeature.swift */; };
		A9A891642AABD82C0013C9DB /* N5GrammarTest.swift in Sources */ = {isa = PBXBuildFile; fileRef = A9A891632AABD82C0013C9DB /* N5GrammarTest.swift */; };
		A9A891662AABD8390013C9DB /* N5GrammarTestFeature.swift in Sources */ = {isa = PBXBuildFile; fileRef = A9A891652AABD8390013C9DB /* N5GrammarTestFeature.swift */; };
		A9A891682AABDA1E0013C9DB /* N5ReadingTest.swift in Sources */ = {isa = PBXBuildFile; fileRef = A9A891672AABDA1E0013C9DB /* N5ReadingTest.swift */; };
		A9A8916A2AABDA4A0013C9DB /* N5ReadingTestFeature.swift in Sources */ = {isa = PBXBuildFile; fileRef = A9A891692AABDA4A0013C9DB /* N5ReadingTestFeature.swift */; };
		A9A891702AABDC0A0013C9DB /* N5VocabularyTest.swift in Sources */ = {isa = PBXBuildFile; fileRef = A9A8916F2AABDC0A0013C9DB /* N5VocabularyTest.swift */; };
		A9A891722AABDC250013C9DB /* N5VocabularyTestFeature.swift in Sources */ = {isa = PBXBuildFile; fileRef = A9A891712AABDC250013C9DB /* N5VocabularyTestFeature.swift */; };
		A9D06D922A7C60070090B1DB /* JapaneseApp.swift in Sources */ = {isa = PBXBuildFile; fileRef = A9D06D912A7C60070090B1DB /* JapaneseApp.swift */; };
		A9D06D962A7C600A0090B1DB /* Assets.xcassets in Resources */ = {isa = PBXBuildFile; fileRef = A9D06D952A7C600A0090B1DB /* Assets.xcassets */; };
		A9D06D992A7C600A0090B1DB /* Preview Assets.xcassets in Resources */ = {isa = PBXBuildFile; fileRef = A9D06D982A7C600A0090B1DB /* Preview Assets.xcassets */; };
		A9D06DA12A7C64040090B1DB /* TestButton.swift in Sources */ = {isa = PBXBuildFile; fileRef = A9D06DA02A7C64040090B1DB /* TestButton.swift */; };
		A9D06DA32A7C66280090B1DB /* K.swift in Sources */ = {isa = PBXBuildFile; fileRef = A9D06DA22A7C66280090B1DB /* K.swift */; };
		A9D9F5772AA7FA8A00C2953E /* N5TabButtonView.swift in Sources */ = {isa = PBXBuildFile; fileRef = A9D9F5762AA7FA8A00C2953E /* N5TabButtonView.swift */; };
		A9D9F5792AA7FAB500C2953E /* N5TabButton_Feature.swift in Sources */ = {isa = PBXBuildFile; fileRef = A9D9F5782AA7FAB500C2953E /* N5TabButton_Feature.swift */; };
/* End PBXBuildFile section */

/* Begin PBXFileReference section */
		A99B06B82A851F19000DBAA1 /* CustomTabBar.swift */ = {isa = PBXFileReference; lastKnownFileType = sourcecode.swift; path = CustomTabBar.swift; sourceTree = "<group>"; };
		A9A7F62D2A8B03F000EEF5ED /* CustomTabBar_Feature.swift */ = {isa = PBXFileReference; lastKnownFileType = sourcecode.swift; path = CustomTabBar_Feature.swift; sourceTree = "<group>"; };
		A9A7F6302A8C443F00EEF5ED /* CustomTabBar_Model.swift */ = {isa = PBXFileReference; lastKnownFileType = sourcecode.swift; path = CustomTabBar_Model.swift; sourceTree = "<group>"; };
		A9A8915F2AABD55A0013C9DB /* N5KanjiTest.swift */ = {isa = PBXFileReference; lastKnownFileType = sourcecode.swift; path = N5KanjiTest.swift; sourceTree = "<group>"; };
		A9A891612AABD56C0013C9DB /* N5KanjiTestFeature.swift */ = {isa = PBXFileReference; lastKnownFileType = sourcecode.swift; path = N5KanjiTestFeature.swift; sourceTree = "<group>"; };
		A9A891632AABD82C0013C9DB /* N5GrammarTest.swift */ = {isa = PBXFileReference; lastKnownFileType = sourcecode.swift; path = N5GrammarTest.swift; sourceTree = "<group>"; };
		A9A891652AABD8390013C9DB /* N5GrammarTestFeature.swift */ = {isa = PBXFileReference; lastKnownFileType = sourcecode.swift; path = N5GrammarTestFeature.swift; sourceTree = "<group>"; };
		A9A891672AABDA1E0013C9DB /* N5ReadingTest.swift */ = {isa = PBXFileReference; lastKnownFileType = sourcecode.swift; path = N5ReadingTest.swift; sourceTree = "<group>"; };
		A9A891692AABDA4A0013C9DB /* N5ReadingTestFeature.swift */ = {isa = PBXFileReference; lastKnownFileType = sourcecode.swift; path = N5ReadingTestFeature.swift; sourceTree = "<group>"; };
		A9A8916F2AABDC0A0013C9DB /* N5VocabularyTest.swift */ = {isa = PBXFileReference; lastKnownFileType = sourcecode.swift; path = N5VocabularyTest.swift; sourceTree = "<group>"; };
		A9A891712AABDC250013C9DB /* N5VocabularyTestFeature.swift */ = {isa = PBXFileReference; lastKnownFileType = sourcecode.swift; path = N5VocabularyTestFeature.swift; sourceTree = "<group>"; };
		A9D06D8E2A7C60070090B1DB /* JapaneseApp.app */ = {isa = PBXFileReference; explicitFileType = wrapper.application; includeInIndex = 0; path = JapaneseApp.app; sourceTree = BUILT_PRODUCTS_DIR; };
		A9D06D912A7C60070090B1DB /* JapaneseApp.swift */ = {isa = PBXFileReference; lastKnownFileType = sourcecode.swift; path = JapaneseApp.swift; sourceTree = "<group>"; };
		A9D06D952A7C600A0090B1DB /* Assets.xcassets */ = {isa = PBXFileReference; lastKnownFileType = folder.assetcatalog; path = Assets.xcassets; sourceTree = "<group>"; };
		A9D06D982A7C600A0090B1DB /* Preview Assets.xcassets */ = {isa = PBXFileReference; lastKnownFileType = folder.assetcatalog; path = "Preview Assets.xcassets"; sourceTree = "<group>"; };
		A9D06DA02A7C64040090B1DB /* TestButton.swift */ = {isa = PBXFileReference; lastKnownFileType = sourcecode.swift; path = TestButton.swift; sourceTree = "<group>"; };
		A9D06DA22A7C66280090B1DB /* K.swift */ = {isa = PBXFileReference; lastKnownFileType = sourcecode.swift; path = K.swift; sourceTree = "<group>"; };
		A9D9F5762AA7FA8A00C2953E /* N5TabButtonView.swift */ = {isa = PBXFileReference; lastKnownFileType = sourcecode.swift; path = N5TabButtonView.swift; sourceTree = "<group>"; };
		A9D9F5782AA7FAB500C2953E /* N5TabButton_Feature.swift */ = {isa = PBXFileReference; lastKnownFileType = sourcecode.swift; path = N5TabButton_Feature.swift; sourceTree = "<group>"; };
/* End PBXFileReference section */

/* Begin PBXFrameworksBuildPhase section */
		A9D06D8B2A7C60070090B1DB /* Frameworks */ = {
			isa = PBXFrameworksBuildPhase;
			buildActionMask = 2147483647;
			files = (
				A988B2982A7F07C600070BA8 /* ComposableArchitecture in Frameworks */,
			);
			runOnlyForDeploymentPostprocessing = 0;
		};
/* End PBXFrameworksBuildPhase section */

/* Begin PBXGroup section */
		A9A7F62F2A8BB2C700EEF5ED /* CustomTabBar */ = {
			isa = PBXGroup;
			children = (
				A99B06B82A851F19000DBAA1 /* CustomTabBar.swift */,
				A9A7F62D2A8B03F000EEF5ED /* CustomTabBar_Feature.swift */,
				A9A7F6302A8C443F00EEF5ED /* CustomTabBar_Model.swift */,
			);
			path = CustomTabBar;
			sourceTree = "<group>";
		};
		A9A8915D2AABD4EE0013C9DB /* N5TabButton */ = {
			isa = PBXGroup;
			children = (
				A9D9F5762AA7FA8A00C2953E /* N5TabButtonView.swift */,
				A9D9F5782AA7FAB500C2953E /* N5TabButton_Feature.swift */,
			);
			path = N5TabButton;
			sourceTree = "<group>";
		};
		A9A8915E2AABD50C0013C9DB /* N5Tests */ = {
			isa = PBXGroup;
			children = (
				A9A8916E2AABDBFA0013C9DB /* Vocabulary */,
				A9A8916D2AABDAA50013C9DB /* Kanji */,
				A9A8916C2AABDA9D0013C9DB /* Grammar */,
				A9A8916B2AABDA800013C9DB /* Reading */,
			);
			path = N5Tests;
			sourceTree = "<group>";
		};
		A9A8916B2AABDA800013C9DB /* Reading */ = {
			isa = PBXGroup;
			children = (
				A9A891672AABDA1E0013C9DB /* N5ReadingTest.swift */,
				A9A891692AABDA4A0013C9DB /* N5ReadingTestFeature.swift */,
			);
			path = Reading;
			sourceTree = "<group>";
		};
		A9A8916C2AABDA9D0013C9DB /* Grammar */ = {
			isa = PBXGroup;
			children = (
				A9A891632AABD82C0013C9DB /* N5GrammarTest.swift */,
				A9A891652AABD8390013C9DB /* N5GrammarTestFeature.swift */,
			);
			path = Grammar;
			sourceTree = "<group>";
		};
		A9A8916D2AABDAA50013C9DB /* Kanji */ = {
			isa = PBXGroup;
			children = (
				A9A8915F2AABD55A0013C9DB /* N5KanjiTest.swift */,
				A9A891612AABD56C0013C9DB /* N5KanjiTestFeature.swift */,
			);
			path = Kanji;
			sourceTree = "<group>";
		};
		A9A8916E2AABDBFA0013C9DB /* Vocabulary */ = {
			isa = PBXGroup;
			children = (
				A9A8916F2AABDC0A0013C9DB /* N5VocabularyTest.swift */,
				A9A891712AABDC250013C9DB /* N5VocabularyTestFeature.swift */,
			);
			path = Vocabulary;
			sourceTree = "<group>";
		};
		A9D06D852A7C60070090B1DB = {
			isa = PBXGroup;
			children = (
				A9D06D902A7C60070090B1DB /* JapaneseApp */,
				A9D06D8F2A7C60070090B1DB /* Products */,
			);
			sourceTree = "<group>";
		};
		A9D06D8F2A7C60070090B1DB /* Products */ = {
			isa = PBXGroup;
			children = (
				A9D06D8E2A7C60070090B1DB /* JapaneseApp.app */,
			);
			name = Products;
			sourceTree = "<group>";
		};
		A9D06D902A7C60070090B1DB /* JapaneseApp */ = {
			isa = PBXGroup;
			children = (
				A9D06D912A7C60070090B1DB /* JapaneseApp.swift */,
				A9D06D9F2A7C63E50090B1DB /* Views */,
				A9D06DA22A7C66280090B1DB /* K.swift */,
				A9D06D952A7C600A0090B1DB /* Assets.xcassets */,
				A9D06D972A7C600A0090B1DB /* Preview Content */,
			);
			path = JapaneseApp;
			sourceTree = "<group>";
		};
		A9D06D972A7C600A0090B1DB /* Preview Content */ = {
			isa = PBXGroup;
			children = (
				A9D06D982A7C600A0090B1DB /* Preview Assets.xcassets */,
			);
			path = "Preview Content";
			sourceTree = "<group>";
		};
		A9D06D9F2A7C63E50090B1DB /* Views */ = {
			isa = PBXGroup;
			children = (
				A9D9F57A2AA8024700C2953E /* TestSelection */,
				A9A7F62F2A8BB2C700EEF5ED /* CustomTabBar */,
				A9D9F5752AA7FA6D00C2953E /* TabButtons */,
				A9D06DA02A7C64040090B1DB /* TestButton.swift */,
			);
			path = Views;
			sourceTree = "<group>";
		};
		A9D9F5752AA7FA6D00C2953E /* TabButtons */ = {
			isa = PBXGroup;
			children = (
				A9A8915D2AABD4EE0013C9DB /* N5TabButton */,
			);
			path = TabButtons;
			sourceTree = "<group>";
		};
		A9D9F57A2AA8024700C2953E /* TestSelection */ = {
			isa = PBXGroup;
			children = (
				A9A8915E2AABD50C0013C9DB /* N5Tests */,
			);
			path = TestSelection;
			sourceTree = "<group>";
		};
/* End PBXGroup section */

/* Begin PBXNativeTarget section */
		A9D06D8D2A7C60070090B1DB /* JapaneseApp */ = {
			isa = PBXNativeTarget;
			buildConfigurationList = A9D06D9C2A7C600A0090B1DB /* Build configuration list for PBXNativeTarget "JapaneseApp" */;
			buildPhases = (
				A9D06D8A2A7C60070090B1DB /* Sources */,
				A9D06D8B2A7C60070090B1DB /* Frameworks */,
				A9D06D8C2A7C60070090B1DB /* Resources */,
			);
			buildRules = (
			);
			dependencies = (
			);
			name = JapaneseApp;
			packageProductDependencies = (
				A988B2972A7F07C600070BA8 /* ComposableArchitecture */,
			);
			productName = JapaneseApp;
			productReference = A9D06D8E2A7C60070090B1DB /* JapaneseApp.app */;
			productType = "com.apple.product-type.application";
		};
/* End PBXNativeTarget section */

/* Begin PBXProject section */
		A9D06D862A7C60070090B1DB /* Project object */ = {
			isa = PBXProject;
			attributes = {
				BuildIndependentTargetsInParallel = 1;
				LastSwiftUpdateCheck = 1430;
				LastUpgradeCheck = 1430;
				TargetAttributes = {
					A9D06D8D2A7C60070090B1DB = {
						CreatedOnToolsVersion = 14.3.1;
					};
				};
			};
			buildConfigurationList = A9D06D892A7C60070090B1DB /* Build configuration list for PBXProject "JapaneseApp" */;
			compatibilityVersion = "Xcode 14.0";
			developmentRegion = en;
			hasScannedForEncodings = 0;
			knownRegions = (
				en,
				Base,
			);
			mainGroup = A9D06D852A7C60070090B1DB;
			packageReferences = (
				A988B2962A7F07C600070BA8 /* XCRemoteSwiftPackageReference "swift-composable-architecture" */,
			);
			productRefGroup = A9D06D8F2A7C60070090B1DB /* Products */;
			projectDirPath = "";
			projectRoot = "";
			targets = (
				A9D06D8D2A7C60070090B1DB /* JapaneseApp */,
			);
		};
/* End PBXProject section */

/* Begin PBXResourcesBuildPhase section */
		A9D06D8C2A7C60070090B1DB /* Resources */ = {
			isa = PBXResourcesBuildPhase;
			buildActionMask = 2147483647;
			files = (
				A9D06D992A7C600A0090B1DB /* Preview Assets.xcassets in Resources */,
				A9D06D962A7C600A0090B1DB /* Assets.xcassets in Resources */,
			);
			runOnlyForDeploymentPostprocessing = 0;
		};
/* End PBXResourcesBuildPhase section */

/* Begin PBXSourcesBuildPhase section */
		A9D06D8A2A7C60070090B1DB /* Sources */ = {
			isa = PBXSourcesBuildPhase;
			buildActionMask = 2147483647;
			files = (
				A9A891702AABDC0A0013C9DB /* N5VocabularyTest.swift in Sources */,
				A9A7F62E2A8B03F000EEF5ED /* CustomTabBar_Feature.swift in Sources */,
				A99B06B92A851F19000DBAA1 /* CustomTabBar.swift in Sources */,
				A9A891642AABD82C0013C9DB /* N5GrammarTest.swift in Sources */,
				A9D06DA32A7C66280090B1DB /* K.swift in Sources */,
				A9A891602AABD55A0013C9DB /* N5KanjiTest.swift in Sources */,
				A9A7F6312A8C443F00EEF5ED /* CustomTabBar_Model.swift in Sources */,
				A9A891662AABD8390013C9DB /* N5GrammarTestFeature.swift in Sources */,
				A9D9F5772AA7FA8A00C2953E /* N5TabButtonView.swift in Sources */,
				A9A891622AABD56C0013C9DB /* N5KanjiTestFeature.swift in Sources */,
				A9A891682AABDA1E0013C9DB /* N5ReadingTest.swift in Sources */,
				A9D9F5792AA7FAB500C2953E /* N5TabButton_Feature.swift in Sources */,
				A9A891722AABDC250013C9DB /* N5VocabularyTestFeature.swift in Sources */,
				A9D06D922A7C60070090B1DB /* JapaneseApp.swift in Sources */,
				A9D06DA12A7C64040090B1DB /* TestButton.swift in Sources */,
				A9A8916A2AABDA4A0013C9DB /* N5ReadingTestFeature.swift in Sources */,
			);
			runOnlyForDeploymentPostprocessing = 0;
		};
/* End PBXSourcesBuildPhase section */

/* Begin XCBuildConfiguration section */
		A9D06D9A2A7C600A0090B1DB /* Debug */ = {
			isa = XCBuildConfiguration;
			buildSettings = {
				ALWAYS_SEARCH_USER_PATHS = NO;
				CLANG_ANALYZER_NONNULL = YES;
				CLANG_ANALYZER_NUMBER_OBJECT_CONVERSION = YES_AGGRESSIVE;
				CLANG_CXX_LANGUAGE_STANDARD = "gnu++20";
				CLANG_ENABLE_MODULES = YES;
				CLANG_ENABLE_OBJC_ARC = YES;
				CLANG_ENABLE_OBJC_WEAK = YES;
				CLANG_WARN_BLOCK_CAPTURE_AUTORELEASING = YES;
				CLANG_WARN_BOOL_CONVERSION = YES;
				CLANG_WARN_COMMA = YES;
				CLANG_WARN_CONSTANT_CONVERSION = YES;
				CLANG_WARN_DEPRECATED_OBJC_IMPLEMENTATIONS = YES;
				CLANG_WARN_DIRECT_OBJC_ISA_USAGE = YES_ERROR;
				CLANG_WARN_DOCUMENTATION_COMMENTS = YES;
				CLANG_WARN_EMPTY_BODY = YES;
				CLANG_WARN_ENUM_CONVERSION = YES;
				CLANG_WARN_INFINITE_RECURSION = YES;
				CLANG_WARN_INT_CONVERSION = YES;
				CLANG_WARN_NON_LITERAL_NULL_CONVERSION = YES;
				CLANG_WARN_OBJC_IMPLICIT_RETAIN_SELF = YES;
				CLANG_WARN_OBJC_LITERAL_CONVERSION = YES;
				CLANG_WARN_OBJC_ROOT_CLASS = YES_ERROR;
				CLANG_WARN_QUOTED_INCLUDE_IN_FRAMEWORK_HEADER = YES;
				CLANG_WARN_RANGE_LOOP_ANALYSIS = YES;
				CLANG_WARN_STRICT_PROTOTYPES = YES;
				CLANG_WARN_SUSPICIOUS_MOVE = YES;
				CLANG_WARN_UNGUARDED_AVAILABILITY = YES_AGGRESSIVE;
				CLANG_WARN_UNREACHABLE_CODE = YES;
				CLANG_WARN__DUPLICATE_METHOD_MATCH = YES;
				COPY_PHASE_STRIP = NO;
				DEBUG_INFORMATION_FORMAT = dwarf;
				ENABLE_STRICT_OBJC_MSGSEND = YES;
				ENABLE_TESTABILITY = YES;
				GCC_C_LANGUAGE_STANDARD = gnu11;
				GCC_DYNAMIC_NO_PIC = NO;
				GCC_NO_COMMON_BLOCKS = YES;
				GCC_OPTIMIZATION_LEVEL = 0;
				GCC_PREPROCESSOR_DEFINITIONS = (
					"DEBUG=1",
					"$(inherited)",
				);
				GCC_WARN_64_TO_32_BIT_CONVERSION = YES;
				GCC_WARN_ABOUT_RETURN_TYPE = YES_ERROR;
				GCC_WARN_UNDECLARED_SELECTOR = YES;
				GCC_WARN_UNINITIALIZED_AUTOS = YES_AGGRESSIVE;
				GCC_WARN_UNUSED_FUNCTION = YES;
				GCC_WARN_UNUSED_VARIABLE = YES;
				IPHONEOS_DEPLOYMENT_TARGET = 16.4;
				MTL_ENABLE_DEBUG_INFO = INCLUDE_SOURCE;
				MTL_FAST_MATH = YES;
				ONLY_ACTIVE_ARCH = YES;
				SDKROOT = iphoneos;
				SWIFT_ACTIVE_COMPILATION_CONDITIONS = DEBUG;
				SWIFT_OPTIMIZATION_LEVEL = "-Onone";
			};
			name = Debug;
		};
		A9D06D9B2A7C600A0090B1DB /* Release */ = {
			isa = XCBuildConfiguration;
			buildSettings = {
				ALWAYS_SEARCH_USER_PATHS = NO;
				CLANG_ANALYZER_NONNULL = YES;
				CLANG_ANALYZER_NUMBER_OBJECT_CONVERSION = YES_AGGRESSIVE;
				CLANG_CXX_LANGUAGE_STANDARD = "gnu++20";
				CLANG_ENABLE_MODULES = YES;
				CLANG_ENABLE_OBJC_ARC = YES;
				CLANG_ENABLE_OBJC_WEAK = YES;
				CLANG_WARN_BLOCK_CAPTURE_AUTORELEASING = YES;
				CLANG_WARN_BOOL_CONVERSION = YES;
				CLANG_WARN_COMMA = YES;
				CLANG_WARN_CONSTANT_CONVERSION = YES;
				CLANG_WARN_DEPRECATED_OBJC_IMPLEMENTATIONS = YES;
				CLANG_WARN_DIRECT_OBJC_ISA_USAGE = YES_ERROR;
				CLANG_WARN_DOCUMENTATION_COMMENTS = YES;
				CLANG_WARN_EMPTY_BODY = YES;
				CLANG_WARN_ENUM_CONVERSION = YES;
				CLANG_WARN_INFINITE_RECURSION = YES;
				CLANG_WARN_INT_CONVERSION = YES;
				CLANG_WARN_NON_LITERAL_NULL_CONVERSION = YES;
				CLANG_WARN_OBJC_IMPLICIT_RETAIN_SELF = YES;
				CLANG_WARN_OBJC_LITERAL_CONVERSION = YES;
				CLANG_WARN_OBJC_ROOT_CLASS = YES_ERROR;
				CLANG_WARN_QUOTED_INCLUDE_IN_FRAMEWORK_HEADER = YES;
				CLANG_WARN_RANGE_LOOP_ANALYSIS = YES;
				CLANG_WARN_STRICT_PROTOTYPES = YES;
				CLANG_WARN_SUSPICIOUS_MOVE = YES;
				CLANG_WARN_UNGUARDED_AVAILABILITY = YES_AGGRESSIVE;
				CLANG_WARN_UNREACHABLE_CODE = YES;
				CLANG_WARN__DUPLICATE_METHOD_MATCH = YES;
				COPY_PHASE_STRIP = NO;
				DEBUG_INFORMATION_FORMAT = "dwarf-with-dsym";
				ENABLE_NS_ASSERTIONS = NO;
				ENABLE_STRICT_OBJC_MSGSEND = YES;
				GCC_C_LANGUAGE_STANDARD = gnu11;
				GCC_NO_COMMON_BLOCKS = YES;
				GCC_WARN_64_TO_32_BIT_CONVERSION = YES;
				GCC_WARN_ABOUT_RETURN_TYPE = YES_ERROR;
				GCC_WARN_UNDECLARED_SELECTOR = YES;
				GCC_WARN_UNINITIALIZED_AUTOS = YES_AGGRESSIVE;
				GCC_WARN_UNUSED_FUNCTION = YES;
				GCC_WARN_UNUSED_VARIABLE = YES;
				IPHONEOS_DEPLOYMENT_TARGET = 16.4;
				MTL_ENABLE_DEBUG_INFO = NO;
				MTL_FAST_MATH = YES;
				SDKROOT = iphoneos;
				SWIFT_COMPILATION_MODE = wholemodule;
				SWIFT_OPTIMIZATION_LEVEL = "-O";
				VALIDATE_PRODUCT = YES;
			};
			name = Release;
		};
		A9D06D9D2A7C600A0090B1DB /* Debug */ = {
			isa = XCBuildConfiguration;
			buildSettings = {
				ASSETCATALOG_COMPILER_APPICON_NAME = AppIcon;
				ASSETCATALOG_COMPILER_GLOBAL_ACCENT_COLOR_NAME = AccentColor;
				CODE_SIGN_STYLE = Automatic;
				CURRENT_PROJECT_VERSION = 1;
				DEVELOPMENT_ASSET_PATHS = "\"JapaneseApp/Preview Content\"";
				DEVELOPMENT_TEAM = SFVP5ZLTML;
				ENABLE_PREVIEWS = YES;
				GENERATE_INFOPLIST_FILE = YES;
				INFOPLIST_KEY_UIApplicationSceneManifest_Generation = YES;
				INFOPLIST_KEY_UIApplicationSupportsIndirectInputEvents = YES;
				INFOPLIST_KEY_UILaunchScreen_Generation = YES;
				INFOPLIST_KEY_UISupportedInterfaceOrientations_iPad = "UIInterfaceOrientationPortrait UIInterfaceOrientationPortraitUpsideDown UIInterfaceOrientationLandscapeLeft UIInterfaceOrientationLandscapeRight";
				INFOPLIST_KEY_UISupportedInterfaceOrientations_iPhone = "UIInterfaceOrientationPortrait UIInterfaceOrientationLandscapeLeft UIInterfaceOrientationLandscapeRight";
				LD_RUNPATH_SEARCH_PATHS = (
					"$(inherited)",
					"@executable_path/Frameworks",
				);
				MARKETING_VERSION = 1.0;
				PRODUCT_BUNDLE_IDENTIFIER = com.alejandro.JapaneseApp;
				PRODUCT_NAME = "$(TARGET_NAME)";
				SWIFT_EMIT_LOC_STRINGS = YES;
				SWIFT_VERSION = 5.0;
				TARGETED_DEVICE_FAMILY = "1,2";
			};
			name = Debug;
		};
		A9D06D9E2A7C600A0090B1DB /* Release */ = {
			isa = XCBuildConfiguration;
			buildSettings = {
				ASSETCATALOG_COMPILER_APPICON_NAME = AppIcon;
				ASSETCATALOG_COMPILER_GLOBAL_ACCENT_COLOR_NAME = AccentColor;
				CODE_SIGN_STYLE = Automatic;
				CURRENT_PROJECT_VERSION = 1;
				DEVELOPMENT_ASSET_PATHS = "\"JapaneseApp/Preview Content\"";
				DEVELOPMENT_TEAM = SFVP5ZLTML;
				ENABLE_PREVIEWS = YES;
				GENERATE_INFOPLIST_FILE = YES;
				INFOPLIST_KEY_UIApplicationSceneManifest_Generation = YES;
				INFOPLIST_KEY_UIApplicationSupportsIndirectInputEvents = YES;
				INFOPLIST_KEY_UILaunchScreen_Generation = YES;
				INFOPLIST_KEY_UISupportedInterfaceOrientations_iPad = "UIInterfaceOrientationPortrait UIInterfaceOrientationPortraitUpsideDown UIInterfaceOrientationLandscapeLeft UIInterfaceOrientationLandscapeRight";
				INFOPLIST_KEY_UISupportedInterfaceOrientations_iPhone = "UIInterfaceOrientationPortrait UIInterfaceOrientationLandscapeLeft UIInterfaceOrientationLandscapeRight";
				LD_RUNPATH_SEARCH_PATHS = (
					"$(inherited)",
					"@executable_path/Frameworks",
				);
				MARKETING_VERSION = 1.0;
				PRODUCT_BUNDLE_IDENTIFIER = com.alejandro.JapaneseApp;
				PRODUCT_NAME = "$(TARGET_NAME)";
				SWIFT_EMIT_LOC_STRINGS = YES;
				SWIFT_VERSION = 5.0;
				TARGETED_DEVICE_FAMILY = "1,2";
			};
			name = Release;
		};
/* End XCBuildConfiguration section */

/* Begin XCConfigurationList section */
		A9D06D892A7C60070090B1DB /* Build configuration list for PBXProject "JapaneseApp" */ = {
			isa = XCConfigurationList;
			buildConfigurations = (
				A9D06D9A2A7C600A0090B1DB /* Debug */,
				A9D06D9B2A7C600A0090B1DB /* Release */,
			);
			defaultConfigurationIsVisible = 0;
			defaultConfigurationName = Release;
		};
		A9D06D9C2A7C600A0090B1DB /* Build configuration list for PBXNativeTarget "JapaneseApp" */ = {
			isa = XCConfigurationList;
			buildConfigurations = (
				A9D06D9D2A7C600A0090B1DB /* Debug */,
				A9D06D9E2A7C600A0090B1DB /* Release */,
			);
			defaultConfigurationIsVisible = 0;
			defaultConfigurationName = Release;
		};
/* End XCConfigurationList section */

/* Begin XCRemoteSwiftPackageReference section */
		A988B2962A7F07C600070BA8 /* XCRemoteSwiftPackageReference "swift-composable-architecture" */ = {
			isa = XCRemoteSwiftPackageReference;
			repositoryURL = "https://github.com/pointfreeco/swift-composable-architecture";
			requirement = {
				kind = upToNextMajorVersion;
				minimumVersion = 1.0.0;
			};
		};
/* End XCRemoteSwiftPackageReference section */

/* Begin XCSwiftPackageProductDependency section */
		A988B2972A7F07C600070BA8 /* ComposableArchitecture */ = {
			isa = XCSwiftPackageProductDependency;
			package = A988B2962A7F07C600070BA8 /* XCRemoteSwiftPackageReference "swift-composable-architecture" */;
			productName = ComposableArchitecture;
		};
/* End XCSwiftPackageProductDependency section */
	};
	rootObject = A9D06D862A7C60070090B1DB /* Project object */;
}
